
Microsoft Visual Studio Solution File, Format Version 12.00
# Visual Studio 15
VisualStudioVersion = 15.0.27703.2042
MinimumVisualStudioVersion = 10.0.40219.1
Project("{FAE04EC0-301F-11D3-BF4B-00C04F79EFBC}") = "CustomerApp", "CustomerApp\CustomerApp.csproj", "{E019B314-3115-4E17-AC64-CF08E63602A7}"
EndProject
Global
	GlobalSection(SolutionConfigurationPlatforms) = preSolution
		Debug|Any CPU = Debug|Any CPU
		Release|Any CPU = Release|Any CPU
	EndGlobalSection
	GlobalSection(ProjectConfigurationPlatforms) = postSolution
		{E019B314-3115-4E17-AC64-CF08E63602A7}.Debug|Any CPU.ActiveCfg = Debug|Any CPU
		{E019B314-3115-4E17-AC64-CF08E63602A7}.Debug|Any CPU.Build.0 = Debug|Any CPU
		{E019B314-3115-4E17-AC64-CF08E63602A7}.Release|Any CPU.ActiveCfg = Release|Any CPU
		{E019B314-3115-4E17-AC64-CF08E63602A7}.Release|Any CPU.Build.0 = Release|Any CPU
	EndGlobalSection
	GlobalSection(SolutionProperties) = preSolution
		HideSolutionNode = FALSE
	EndGlobalSection
	GlobalSection(ExtensibilityGlobals) = postSolution
		SolutionGuid = {7087A65D-DAEC-4070-88E3-79624A80477D}
	EndGlobalSection
EndGlobal
